# This file is automatically @generated by Cargo.
# It is not intended for manual editing.
version = 4

[[package]]
name = "fast_macro_app"
version = "0.1.0"
dependencies = [
 "macro_helpers",
 "opensourced",
 "shared",
 "util",
]

[[package]]
name = "macro_helpers"
version = "0.1.0"

[[package]]
name = "opensourced"
version = "0.1.0"

[[package]]
name = "shared"
version = "0.1.0"

[[package]]
name = "util"
version = "0.1.0"
